
Microsoft Visual Studio Solution File, Format Version 12.00
# Visual Studio Version 16
VisualStudioVersion = 16.0.29709.97
MinimumVisualStudioVersion = 10.0.40219.1
Project("{9A19103F-16F7-4668-BE54-9A1E7A4F7556}") = "01. Debit Card Number", "01. Debit Card Number\01. Debit Card Number.csproj", "{34710D74-73DD-4C81-ABD1-51E5B438B99A}"
EndProject
Project("{FAE04EC0-301F-11D3-BF4B-00C04F79EFBC}") = "02. Rectangle Area", "02. Rectangle Area\02. Rectangle Area.csproj", "{0BCB666E-417E-4352-8114-DB1D5B0670C7}"
EndProject
Project("{FAE04EC0-301F-11D3-BF4B-00C04F79EFBC}") = "03. Miles to Kilometers", "03. Miles to Kilometers\03. Miles to Kilometers.csproj", "{0471A36B-6C4F-4004-A8B3-A2362D7C051B}"
EndProject
Project("{FAE04EC0-301F-11D3-BF4B-00C04F79EFBC}") = "04. Beverage Labels", "04. Beverage Labels\04. Beverage Labels.csproj", "{4B246933-3E26-451C-B328-B26972062539}"
EndProject
Project("{FAE04EC0-301F-11D3-BF4B-00C04F79EFBC}") = "05. Character Stats", "05. Character Stats\05. Character Stats.csproj", "{FA2AF6A0-0C2C-4789-91C5-A763BDDA1118}"
EndProject
Global
	GlobalSection(SolutionConfigurationPlatforms) = preSolution
		Debug|Any CPU = Debug|Any CPU
		Release|Any CPU = Release|Any CPU
	EndGlobalSection
	GlobalSection(ProjectConfigurationPlatforms) = postSolution
		{34710D74-73DD-4C81-ABD1-51E5B438B99A}.Debug|Any CPU.ActiveCfg = Debug|Any CPU
		{34710D74-73DD-4C81-ABD1-51E5B438B99A}.Debug|Any CPU.Build.0 = Debug|Any CPU
		{34710D74-73DD-4C81-ABD1-51E5B438B99A}.Release|Any CPU.ActiveCfg = Release|Any CPU
		{34710D74-73DD-4C81-ABD1-51E5B438B99A}.Release|Any CPU.Build.0 = Release|Any CPU
		{0BCB666E-417E-4352-8114-DB1D5B0670C7}.Debug|Any CPU.ActiveCfg = Debug|Any CPU
		{0BCB666E-417E-4352-8114-DB1D5B0670C7}.Debug|Any CPU.Build.0 = Debug|Any CPU
		{0BCB666E-417E-4352-8114-DB1D5B0670C7}.Release|Any CPU.ActiveCfg = Release|Any CPU
		{0BCB666E-417E-4352-8114-DB1D5B0670C7}.Release|Any CPU.Build.0 = Release|Any CPU
		{0471A36B-6C4F-4004-A8B3-A2362D7C051B}.Debug|Any CPU.ActiveCfg = Debug|Any CPU
		{0471A36B-6C4F-4004-A8B3-A2362D7C051B}.Debug|Any CPU.Build.0 = Debug|Any CPU
		{0471A36B-6C4F-4004-A8B3-A2362D7C051B}.Release|Any CPU.ActiveCfg = Release|Any CPU
		{0471A36B-6C4F-4004-A8B3-A2362D7C051B}.Release|Any CPU.Build.0 = Release|Any CPU
		{4B246933-3E26-451C-B328-B26972062539}.Debug|Any CPU.ActiveCfg = Debug|Any CPU
		{4B246933-3E26-451C-B328-B26972062539}.Debug|Any CPU.Build.0 = Debug|Any CPU
		{4B246933-3E26-451C-B328-B26972062539}.Release|Any CPU.ActiveCfg = Release|Any CPU
		{4B246933-3E26-451C-B328-B26972062539}.Release|Any CPU.Build.0 = Release|Any CPU
		{FA2AF6A0-0C2C-4789-91C5-A763BDDA1118}.Debug|Any CPU.ActiveCfg = Debug|Any CPU
		{FA2AF6A0-0C2C-4789-91C5-A763BDDA1118}.Debug|Any CPU.Build.0 = Debug|Any CPU
		{FA2AF6A0-0C2C-4789-91C5-A763BDDA1118}.Release|Any CPU.ActiveCfg = Release|Any CPU
		{FA2AF6A0-0C2C-4789-91C5-A763BDDA1118}.Release|Any CPU.Build.0 = Release|Any CPU
	EndGlobalSection
	GlobalSection(SolutionProperties) = preSolution
		HideSolutionNode = FALSE
	EndGlobalSection
	GlobalSection(ExtensibilityGlobals) = postSolution
		SolutionGuid = {D2E81A84-26B9-42E7-AF98-7D19A50FD091}
	EndGlobalSection
EndGlobal
