
Microsoft Visual Studio Solution File, Format Version 12.00
# Visual Studio Version 16
VisualStudioVersion = 16.0.29709.97
MinimumVisualStudioVersion = 10.0.40219.1
Project("{FAE04EC0-301F-11D3-BF4B-00C04F79EFBC}") = "01. Sort Times", "01. Sort Times\01. Sort Times.csproj", "{B3BC5C91-2873-4646-9511-DB50353F8CCC}"
EndProject
Project("{FAE04EC0-301F-11D3-BF4B-00C04F79EFBC}") = "02. Odd Filter", "02. Odd Filter\02. Odd Filter.csproj", "{35D80724-FC51-4DBD-A104-9F6D7D232FE2}"
EndProject
Project("{FAE04EC0-301F-11D3-BF4B-00C04F79EFBC}") = "03. Immune System", "03. Immune System\03. Immune System.csproj", "{0E183E43-A045-4D2A-A282-C8390E8974FA}"
EndProject
Project("{FAE04EC0-301F-11D3-BF4B-00C04F79EFBC}") = "04. Supermarket Database", "04. Supermarket Database\04. Supermarket Database.csproj", "{5EC344ED-A7E8-4731-8C23-F7ACAA6B179F}"
EndProject
Project("{FAE04EC0-301F-11D3-BF4B-00C04F79EFBC}") = "05. Parking Validation", "05. Parking Validation\05. Parking Validation.csproj", "{07CA90C3-B5D4-4FE3-83DD-56A68F65B5F3}"
EndProject
Project("{FAE04EC0-301F-11D3-BF4B-00C04F79EFBC}") = "06. Byte Flip", "06. Byte Flip\06. Byte Flip.csproj", "{D83E49B7-1C1C-42D1-BFFA-6E8B7E5848D3}"
EndProject
Project("{FAE04EC0-301F-11D3-BF4B-00C04F79EFBC}") = "07. Take Skip Rope", "07. Take Skip Rope\07. Take Skip Rope.csproj", "{AC147666-0FBE-43EE-9B2C-B972D9835AFF}"
EndProject
Global
	GlobalSection(SolutionConfigurationPlatforms) = preSolution
		Debug|Any CPU = Debug|Any CPU
		Release|Any CPU = Release|Any CPU
	EndGlobalSection
	GlobalSection(ProjectConfigurationPlatforms) = postSolution
		{B3BC5C91-2873-4646-9511-DB50353F8CCC}.Debug|Any CPU.ActiveCfg = Debug|Any CPU
		{B3BC5C91-2873-4646-9511-DB50353F8CCC}.Debug|Any CPU.Build.0 = Debug|Any CPU
		{B3BC5C91-2873-4646-9511-DB50353F8CCC}.Release|Any CPU.ActiveCfg = Release|Any CPU
		{B3BC5C91-2873-4646-9511-DB50353F8CCC}.Release|Any CPU.Build.0 = Release|Any CPU
		{35D80724-FC51-4DBD-A104-9F6D7D232FE2}.Debug|Any CPU.ActiveCfg = Debug|Any CPU
		{35D80724-FC51-4DBD-A104-9F6D7D232FE2}.Debug|Any CPU.Build.0 = Debug|Any CPU
		{35D80724-FC51-4DBD-A104-9F6D7D232FE2}.Release|Any CPU.ActiveCfg = Release|Any CPU
		{35D80724-FC51-4DBD-A104-9F6D7D232FE2}.Release|Any CPU.Build.0 = Release|Any CPU
		{0E183E43-A045-4D2A-A282-C8390E8974FA}.Debug|Any CPU.ActiveCfg = Debug|Any CPU
		{0E183E43-A045-4D2A-A282-C8390E8974FA}.Debug|Any CPU.Build.0 = Debug|Any CPU
		{0E183E43-A045-4D2A-A282-C8390E8974FA}.Release|Any CPU.ActiveCfg = Release|Any CPU
		{0E183E43-A045-4D2A-A282-C8390E8974FA}.Release|Any CPU.Build.0 = Release|Any CPU
		{5EC344ED-A7E8-4731-8C23-F7ACAA6B179F}.Debug|Any CPU.ActiveCfg = Debug|Any CPU
		{5EC344ED-A7E8-4731-8C23-F7ACAA6B179F}.Debug|Any CPU.Build.0 = Debug|Any CPU
		{5EC344ED-A7E8-4731-8C23-F7ACAA6B179F}.Release|Any CPU.ActiveCfg = Release|Any CPU
		{5EC344ED-A7E8-4731-8C23-F7ACAA6B179F}.Release|Any CPU.Build.0 = Release|Any CPU
		{07CA90C3-B5D4-4FE3-83DD-56A68F65B5F3}.Debug|Any CPU.ActiveCfg = Debug|Any CPU
		{07CA90C3-B5D4-4FE3-83DD-56A68F65B5F3}.Debug|Any CPU.Build.0 = Debug|Any CPU
		{07CA90C3-B5D4-4FE3-83DD-56A68F65B5F3}.Release|Any CPU.ActiveCfg = Release|Any CPU
		{07CA90C3-B5D4-4FE3-83DD-56A68F65B5F3}.Release|Any CPU.Build.0 = Release|Any CPU
		{D83E49B7-1C1C-42D1-BFFA-6E8B7E5848D3}.Debug|Any CPU.ActiveCfg = Debug|Any CPU
		{D83E49B7-1C1C-42D1-BFFA-6E8B7E5848D3}.Debug|Any CPU.Build.0 = Debug|Any CPU
		{D83E49B7-1C1C-42D1-BFFA-6E8B7E5848D3}.Release|Any CPU.ActiveCfg = Release|Any CPU
		{D83E49B7-1C1C-42D1-BFFA-6E8B7E5848D3}.Release|Any CPU.Build.0 = Release|Any CPU
		{AC147666-0FBE-43EE-9B2C-B972D9835AFF}.Debug|Any CPU.ActiveCfg = Debug|Any CPU
		{AC147666-0FBE-43EE-9B2C-B972D9835AFF}.Debug|Any CPU.Build.0 = Debug|Any CPU
		{AC147666-0FBE-43EE-9B2C-B972D9835AFF}.Release|Any CPU.ActiveCfg = Release|Any CPU
		{AC147666-0FBE-43EE-9B2C-B972D9835AFF}.Release|Any CPU.Build.0 = Release|Any CPU
	EndGlobalSection
	GlobalSection(SolutionProperties) = preSolution
		HideSolutionNode = FALSE
	EndGlobalSection
	GlobalSection(ExtensibilityGlobals) = postSolution
		SolutionGuid = {0EE3468E-66D8-4755-B321-BD9DB0BDE83B}
	EndGlobalSection
EndGlobal
